
Microsoft Visual Studio Solution File, Format Version 12.00
# Visual Studio 15
VisualStudioVersion = 15.0.27130.2036
MinimumVisualStudioVersion = 10.0.40219.1
Project("{8BC9CEB8-8B4A-11D0-8D11-00A0C91BC942}") = "PosInts", "PosInts\PosInts.vcxproj", "{866AC451-413C-4DD4-88C7-62FFB7AD1AF4}"
EndProject
Project("{2150E333-8FDC-42A3-9474-1A3956D46DE8}") = "Solution Items", "Solution Items", "{26FBF33E-8A13-4AA5-8DDC-78AAB0CB45BE}"
	ProjectSection(SolutionItems) = preProject
		LICENSE = LICENSE
		README.md = README.md
	EndProjectSection
EndProject
Project("{8BC9CEB8-8B4A-11D0-8D11-00A0C91BC942}") = "HashIndexVector", "HashIndexVector\HashIndexVector.vcxproj", "{7DC96990-872E-46C6-A046-B14B8CA9D268}"
EndProject
Project("{2150E333-8FDC-42A3-9474-1A3956D46DE8}") = "ProducerConsumerModels", "ProducerConsumerModels", "{C887239A-09CE-43D8-86DA-721ED26F4963}"
EndProject
Project("{8BC9CEB8-8B4A-11D0-8D11-00A0C91BC942}") = "ProducerConsumer-StandardLib", "ProducerConsumerModels\ProducerConsumer-StandardLib\ProducerConsumer-StandardLib.vcxproj", "{6F17926F-C2FC-47EA-94DB-55ECE46D4AA9}"
EndProject
Project("{8BC9CEB8-8B4A-11D0-8D11-00A0C91BC942}") = "ProducerConsumer-WindowsLibrary", "ProducerConsumerModels\ProducerConsumer-WindowsLibrary\ProducerConsumer-WindowsLibrary.vcxproj", "{17820C03-35C8-42A7-9A6C-6466C18936D5}"
EndProject
Project("{2150E333-8FDC-42A3-9474-1A3956D46DE8}") = "Logging", "Logging", "{C768B0FE-63E3-4050-9F3D-2CDB844D5D65}"
EndProject
Project("{8BC9CEB8-8B4A-11D0-8D11-00A0C91BC942}") = "BasicLogger", "Logging\BasicLogger\BasicLogger.vcxproj", "{84E1BEA5-B70D-4A7A-BF22-4E75D855BAB6}"
EndProject
Project("{2150E333-8FDC-42A3-9474-1A3956D46DE8}") = "Sorting", "Sorting", "{E2CCF2AF-68B9-4CDD-A18F-F678F05B7C9C}"
EndProject
Project("{2150E333-8FDC-42A3-9474-1A3956D46DE8}") = "Leaks", "Leaks", "{AD704F1C-E05F-4C9E-B062-2DA805120D84}"
EndProject
Project("{8BC9CEB8-8B4A-11D0-8D11-00A0C91BC942}") = "LeakTest", "Leaks\LeakTest\LeakTest.vcxproj", "{65E6ABFF-74BE-4B05-9BA9-629874F7B862}"
	ProjectSection(ProjectDependencies) = postProject
		{9456D25A-D813-4DA8-A821-57AFD4344D9E} = {9456D25A-D813-4DA8-A821-57AFD4344D9E}
	EndProjectSection
EndProject
Project("{8BC9CEB8-8B4A-11D0-8D11-00A0C91BC942}") = "LeakDialogUi", "Leaks\LeakDialogUi\LeakDialogUi.vcxproj", "{08A29AFA-0F5A-4481-B87E-225FA0A8AEC0}"
	ProjectSection(ProjectDependencies) = postProject
		{9456D25A-D813-4DA8-A821-57AFD4344D9E} = {9456D25A-D813-4DA8-A821-57AFD4344D9E}
	EndProjectSection
EndProject
Project("{8BC9CEB8-8B4A-11D0-8D11-00A0C91BC942}") = "LeakLib", "Leaks\LeakLib\LeakLib.vcxproj", "{9456D25A-D813-4DA8-A821-57AFD4344D9E}"
EndProject
Project("{8BC9CEB8-8B4A-11D0-8D11-00A0C91BC942}") = "ProdConApp", "ProducerConsumerModels\ProdConApp\ProdConApp.vcxproj", "{6E431B21-F201-496E-98B0-C9DAA9C3634F}"
EndProject
Project("{2150E333-8FDC-42A3-9474-1A3956D46DE8}") = "XML", "XML", "{E16DE38C-F913-4647-839D-85591E77C0B5}"
EndProject
Project("{8BC9CEB8-8B4A-11D0-8D11-00A0C91BC942}") = "MSXML-XML-Reader", "XML\MSXML-XML-Reader\MSXML-XML-Reader.vcxproj", "{D8C9858E-F3EB-43CE-A42A-A28A48E0520B}"
	ProjectSection(ProjectDependencies) = postProject
		{8C40B8F9-B189-49CA-B405-19B031B3806E} = {8C40B8F9-B189-49CA-B405-19B031B3806E}
	EndProjectSection
EndProject
Project("{8BC9CEB8-8B4A-11D0-8D11-00A0C91BC942}") = "MSXML-XML-Reader-Ui", "XML\MSXML-XML-Reader-Ui\MSXML-XML-Reader-Ui.vcxproj", "{3B71502E-23D6-4153-9828-0DCC376C13A9}"
	ProjectSection(ProjectDependencies) = postProject
		{8C40B8F9-B189-49CA-B405-19B031B3806E} = {8C40B8F9-B189-49CA-B405-19B031B3806E}
	EndProjectSection
EndProject
Project("{8BC9CEB8-8B4A-11D0-8D11-00A0C91BC942}") = "MSXML-Library", "XML\MSXML-Library\MSXML-Library.vcxproj", "{8C40B8F9-B189-49CA-B405-19B031B3806E}"
EndProject
Project("{2150E333-8FDC-42A3-9474-1A3956D46DE8}") = "MemoryCrypt", "MemoryCrypt", "{47674878-2620-4ED1-82B3-EA8A38EE7393}"
EndProject
Project("{8BC9CEB8-8B4A-11D0-8D11-00A0C91BC942}") = "MemCryptConsole", "MemoryCrypt\MemCryptConsole\MemCryptConsole.vcxproj", "{5AC349EF-6FD2-4983-AD58-FA7AEE2B711B}"
EndProject
Project("{2150E333-8FDC-42A3-9474-1A3956D46DE8}") = "Header Files", "Header Files", "{B2EED468-B223-4658-B0D9-E3A9CB5D0732}"
	ProjectSection(SolutionItems) = preProject
		MemoryCrypt\inc\MemoryCrypt.h = MemoryCrypt\inc\MemoryCrypt.h
	EndProjectSection
EndProject
Project("{8BC9CEB8-8B4A-11D0-8D11-00A0C91BC942}") = "MemCryptUi", "MemoryCrypt\MemCryptUi\MemCryptUi.vcxproj", "{063B75BA-FB82-4E79-B925-9C652366C533}"
EndProject
Project("{2150E333-8FDC-42A3-9474-1A3956D46DE8}") = "Web", "Web", "{1C125B9D-4E14-4650-990E-39225529164D}"
EndProject
Project("{2150E333-8FDC-42A3-9474-1A3956D46DE8}") = "OAuth", "OAuth", "{91288B8B-ED4C-4303-A937-DC7F7DA1425E}"
EndProject
Project("{2150E333-8FDC-42A3-9474-1A3956D46DE8}") = "Powershell", "Powershell", "{63F4013C-0A7E-43DC-A0A1-7CB4618FDC12}"
	ProjectSection(SolutionItems) = preProject
		Web\OAuth\Powershell\OAuth-Client-Grant-Type-Example.ps1 = Web\OAuth\Powershell\OAuth-Client-Grant-Type-Example.ps1
	EndProjectSection
EndProject
Project("{2150E333-8FDC-42A3-9474-1A3956D46DE8}") = "REST", "REST", "{01C30D4C-EEEC-4E67-AD7E-20005D2CD3A3}"
EndProject
Project("{2150E333-8FDC-42A3-9474-1A3956D46DE8}") = "Powershell", "Powershell", "{1D50989A-A342-4E56-BF0D-123D39A3D1F3}"
	ProjectSection(SolutionItems) = preProject
		Web\REST-API\Powershell-Git-Examples\Github-Restful-Api-Client-Eamples.ps1 = Web\REST-API\Powershell-Git-Examples\Github-Restful-Api-Client-Eamples.ps1
	EndProjectSection
EndProject
Project("{2150E333-8FDC-42A3-9474-1A3956D46DE8}") = "VSCode", "VSCode", "{41AB945E-7FCD-4A6D-97E9-0FCE3DC70FA0}"
	ProjectSection(SolutionItems) = preProject
		Web\REST-API\VSCode-GIT-Client-Examples\Github-Restful-Api-Client-Eamples.http = Web\REST-API\VSCode-GIT-Client-Examples\Github-Restful-Api-Client-Eamples.http
	EndProjectSection
EndProject
Project("{2150E333-8FDC-42A3-9474-1A3956D46DE8}") = "Http", "Http", "{BB43F4E8-7775-4237-859E-1053E635E9CF}"
EndProject
Project("{8BC9CEB8-8B4A-11D0-8D11-00A0C91BC942}") = "WinHttpClient", "Web\Http\WinHttpClient\WinHttpClient.vcxproj", "{B3ABE379-AD0C-4178-BC0B-300215929043}"
	ProjectSection(ProjectDependencies) = postProject
		{3EAF3D5B-D9FE-466A-B17D-1DD12657F1E1} = {3EAF3D5B-D9FE-466A-B17D-1DD12657F1E1}
	EndProjectSection
EndProject
Project("{8BC9CEB8-8B4A-11D0-8D11-00A0C91BC942}") = "WinHttpLib", "Web\Http\WinHttpLib\WinHttpLib.vcxproj", "{3EAF3D5B-D9FE-466A-B17D-1DD12657F1E1}"
EndProject
Project("{2150E333-8FDC-42A3-9474-1A3956D46DE8}") = "ErrorChecks", "ErrorChecks", "{ECA7F063-2908-42DD-8103-7FF09F831A15}"
EndProject
Project("{2150E333-8FDC-42A3-9474-1A3956D46DE8}") = "Header Files", "Header Files", "{0EDAB88B-B94B-4610-9981-744F07E84D3E}"
	ProjectSection(SolutionItems) = preProject
		Error_Checks\ERROR_CHECKS.H = Error_Checks\ERROR_CHECKS.H
	EndProjectSection
EndProject
Project("{930C7802-8A8C-48F9-8165-68863BCCD9DD}") = "Academics-Setup-Wix-v3", "Academics-Setup-Wix-v3\Academics-Setup-Wix-v3.wixproj", "{37041FDF-4E4E-423B-8BE9-8D4AF582FA84}"
EndProject
Project("{2150E333-8FDC-42A3-9474-1A3956D46DE8}") = "SortingTemplateLIb", "SortingTemplateLIb", "{0EBA269E-C85D-4193-BEF8-1FCFAEA38CA8}"
	ProjectSection(SolutionItems) = preProject
		Sorting\SortingTemplateLib\SortingLib.h = Sorting\SortingTemplateLib\SortingLib.h
	EndProjectSection
EndProject
Project("{8BC9CEB8-8B4A-11D0-8D11-00A0C91BC942}") = "SortingTests", "Sorting\SortingTests\SortingTests.vcxproj", "{73C9A8C0-BBB5-492F-91FB-A38A1539E1B6}"
EndProject
Project("{8BC9CEB8-8B4A-11D0-8D11-00A0C91BC942}") = "SortingTestsUi", "Sorting\SortingTestsUi\SortingTestsUi.vcxproj", "{2C782669-6F1B-4B99-8FBD-C0FEB75B4169}"
EndProject
Global
	GlobalSection(SolutionConfigurationPlatforms) = preSolution
		Debug|x64 = Debug|x64
		Debug|x86 = Debug|x86
		Release|x64 = Release|x64
		Release|x86 = Release|x86
	EndGlobalSection
	GlobalSection(ProjectConfigurationPlatforms) = postSolution
		{866AC451-413C-4DD4-88C7-62FFB7AD1AF4}.Debug|x64.ActiveCfg = Debug|x64
		{866AC451-413C-4DD4-88C7-62FFB7AD1AF4}.Debug|x64.Build.0 = Debug|x64
		{866AC451-413C-4DD4-88C7-62FFB7AD1AF4}.Debug|x86.ActiveCfg = Debug|Win32
		{866AC451-413C-4DD4-88C7-62FFB7AD1AF4}.Debug|x86.Build.0 = Debug|Win32
		{866AC451-413C-4DD4-88C7-62FFB7AD1AF4}.Release|x64.ActiveCfg = Release|x64
		{866AC451-413C-4DD4-88C7-62FFB7AD1AF4}.Release|x64.Build.0 = Release|x64
		{866AC451-413C-4DD4-88C7-62FFB7AD1AF4}.Release|x86.ActiveCfg = Release|Win32
		{866AC451-413C-4DD4-88C7-62FFB7AD1AF4}.Release|x86.Build.0 = Release|Win32
		{7DC96990-872E-46C6-A046-B14B8CA9D268}.Debug|x64.ActiveCfg = Debug|x64
		{7DC96990-872E-46C6-A046-B14B8CA9D268}.Debug|x86.ActiveCfg = Debug|x64
		{7DC96990-872E-46C6-A046-B14B8CA9D268}.Release|x64.ActiveCfg = Release|x64
		{7DC96990-872E-46C6-A046-B14B8CA9D268}.Release|x86.ActiveCfg = Release|Win32
		{6F17926F-C2FC-47EA-94DB-55ECE46D4AA9}.Debug|x64.ActiveCfg = Debug|x64
		{6F17926F-C2FC-47EA-94DB-55ECE46D4AA9}.Debug|x64.Build.0 = Debug|x64
		{6F17926F-C2FC-47EA-94DB-55ECE46D4AA9}.Debug|x86.ActiveCfg = Debug|Win32
		{6F17926F-C2FC-47EA-94DB-55ECE46D4AA9}.Debug|x86.Build.0 = Debug|Win32
		{6F17926F-C2FC-47EA-94DB-55ECE46D4AA9}.Release|x64.ActiveCfg = Release|x64
		{6F17926F-C2FC-47EA-94DB-55ECE46D4AA9}.Release|x64.Build.0 = Release|x64
		{6F17926F-C2FC-47EA-94DB-55ECE46D4AA9}.Release|x86.ActiveCfg = Release|Win32
		{6F17926F-C2FC-47EA-94DB-55ECE46D4AA9}.Release|x86.Build.0 = Release|Win32
		{17820C03-35C8-42A7-9A6C-6466C18936D5}.Debug|x64.ActiveCfg = Debug|x64
		{17820C03-35C8-42A7-9A6C-6466C18936D5}.Debug|x64.Build.0 = Debug|x64
		{17820C03-35C8-42A7-9A6C-6466C18936D5}.Debug|x86.ActiveCfg = Debug|Win32
		{17820C03-35C8-42A7-9A6C-6466C18936D5}.Debug|x86.Build.0 = Debug|Win32
		{17820C03-35C8-42A7-9A6C-6466C18936D5}.Release|x64.ActiveCfg = Release|x64
		{17820C03-35C8-42A7-9A6C-6466C18936D5}.Release|x64.Build.0 = Release|x64
		{17820C03-35C8-42A7-9A6C-6466C18936D5}.Release|x86.ActiveCfg = Release|Win32
		{17820C03-35C8-42A7-9A6C-6466C18936D5}.Release|x86.Build.0 = Release|Win32
		{84E1BEA5-B70D-4A7A-BF22-4E75D855BAB6}.Debug|x64.ActiveCfg = Debug|x64
		{84E1BEA5-B70D-4A7A-BF22-4E75D855BAB6}.Debug|x64.Build.0 = Debug|x64
		{84E1BEA5-B70D-4A7A-BF22-4E75D855BAB6}.Debug|x86.ActiveCfg = Debug|Win32
		{84E1BEA5-B70D-4A7A-BF22-4E75D855BAB6}.Debug|x86.Build.0 = Debug|Win32
		{84E1BEA5-B70D-4A7A-BF22-4E75D855BAB6}.Release|x64.ActiveCfg = Release|x64
		{84E1BEA5-B70D-4A7A-BF22-4E75D855BAB6}.Release|x64.Build.0 = Release|x64
		{84E1BEA5-B70D-4A7A-BF22-4E75D855BAB6}.Release|x86.ActiveCfg = Release|Win32
		{84E1BEA5-B70D-4A7A-BF22-4E75D855BAB6}.Release|x86.Build.0 = Release|Win32
		{65E6ABFF-74BE-4B05-9BA9-629874F7B862}.Debug|x64.ActiveCfg = Debug|x64
		{65E6ABFF-74BE-4B05-9BA9-629874F7B862}.Debug|x64.Build.0 = Debug|x64
		{65E6ABFF-74BE-4B05-9BA9-629874F7B862}.Debug|x86.ActiveCfg = Debug|Win32
		{65E6ABFF-74BE-4B05-9BA9-629874F7B862}.Debug|x86.Build.0 = Debug|Win32
		{65E6ABFF-74BE-4B05-9BA9-629874F7B862}.Release|x64.ActiveCfg = Release|x64
		{65E6ABFF-74BE-4B05-9BA9-629874F7B862}.Release|x64.Build.0 = Release|x64
		{65E6ABFF-74BE-4B05-9BA9-629874F7B862}.Release|x86.ActiveCfg = Release|Win32
		{65E6ABFF-74BE-4B05-9BA9-629874F7B862}.Release|x86.Build.0 = Release|Win32
		{08A29AFA-0F5A-4481-B87E-225FA0A8AEC0}.Debug|x64.ActiveCfg = Debug|x64
		{08A29AFA-0F5A-4481-B87E-225FA0A8AEC0}.Debug|x64.Build.0 = Debug|x64
		{08A29AFA-0F5A-4481-B87E-225FA0A8AEC0}.Debug|x86.ActiveCfg = Debug|Win32
		{08A29AFA-0F5A-4481-B87E-225FA0A8AEC0}.Debug|x86.Build.0 = Debug|Win32
		{08A29AFA-0F5A-4481-B87E-225FA0A8AEC0}.Release|x64.ActiveCfg = Release|x64
		{08A29AFA-0F5A-4481-B87E-225FA0A8AEC0}.Release|x64.Build.0 = Release|x64
		{08A29AFA-0F5A-4481-B87E-225FA0A8AEC0}.Release|x86.ActiveCfg = Release|Win32
		{08A29AFA-0F5A-4481-B87E-225FA0A8AEC0}.Release|x86.Build.0 = Release|Win32
		{9456D25A-D813-4DA8-A821-57AFD4344D9E}.Debug|x64.ActiveCfg = Debug|x64
		{9456D25A-D813-4DA8-A821-57AFD4344D9E}.Debug|x64.Build.0 = Debug|x64
		{9456D25A-D813-4DA8-A821-57AFD4344D9E}.Debug|x86.ActiveCfg = Debug|Win32
		{9456D25A-D813-4DA8-A821-57AFD4344D9E}.Debug|x86.Build.0 = Debug|Win32
		{9456D25A-D813-4DA8-A821-57AFD4344D9E}.Release|x64.ActiveCfg = Release|x64
		{9456D25A-D813-4DA8-A821-57AFD4344D9E}.Release|x64.Build.0 = Release|x64
		{9456D25A-D813-4DA8-A821-57AFD4344D9E}.Release|x86.ActiveCfg = Release|Win32
		{9456D25A-D813-4DA8-A821-57AFD4344D9E}.Release|x86.Build.0 = Release|Win32
		{6E431B21-F201-496E-98B0-C9DAA9C3634F}.Debug|x64.ActiveCfg = Debug|x64
		{6E431B21-F201-496E-98B0-C9DAA9C3634F}.Debug|x64.Build.0 = Debug|x64
		{6E431B21-F201-496E-98B0-C9DAA9C3634F}.Debug|x86.ActiveCfg = Debug|Win32
		{6E431B21-F201-496E-98B0-C9DAA9C3634F}.Debug|x86.Build.0 = Debug|Win32
		{6E431B21-F201-496E-98B0-C9DAA9C3634F}.Release|x64.ActiveCfg = Release|x64
		{6E431B21-F201-496E-98B0-C9DAA9C3634F}.Release|x64.Build.0 = Release|x64
		{6E431B21-F201-496E-98B0-C9DAA9C3634F}.Release|x86.ActiveCfg = Release|Win32
		{6E431B21-F201-496E-98B0-C9DAA9C3634F}.Release|x86.Build.0 = Release|Win32
		{D8C9858E-F3EB-43CE-A42A-A28A48E0520B}.Debug|x64.ActiveCfg = Debug|x64
		{D8C9858E-F3EB-43CE-A42A-A28A48E0520B}.Debug|x64.Build.0 = Debug|x64
		{D8C9858E-F3EB-43CE-A42A-A28A48E0520B}.Debug|x86.ActiveCfg = Debug|Win32
		{D8C9858E-F3EB-43CE-A42A-A28A48E0520B}.Debug|x86.Build.0 = Debug|Win32
		{D8C9858E-F3EB-43CE-A42A-A28A48E0520B}.Release|x64.ActiveCfg = Release|x64
		{D8C9858E-F3EB-43CE-A42A-A28A48E0520B}.Release|x64.Build.0 = Release|x64
		{D8C9858E-F3EB-43CE-A42A-A28A48E0520B}.Release|x86.ActiveCfg = Release|Win32
		{D8C9858E-F3EB-43CE-A42A-A28A48E0520B}.Release|x86.Build.0 = Release|Win32
		{3B71502E-23D6-4153-9828-0DCC376C13A9}.Debug|x64.ActiveCfg = Debug|x64
		{3B71502E-23D6-4153-9828-0DCC376C13A9}.Debug|x64.Build.0 = Debug|x64
		{3B71502E-23D6-4153-9828-0DCC376C13A9}.Debug|x86.ActiveCfg = Debug|Win32
		{3B71502E-23D6-4153-9828-0DCC376C13A9}.Debug|x86.Build.0 = Debug|Win32
		{3B71502E-23D6-4153-9828-0DCC376C13A9}.Release|x64.ActiveCfg = Release|x64
		{3B71502E-23D6-4153-9828-0DCC376C13A9}.Release|x64.Build.0 = Release|x64
		{3B71502E-23D6-4153-9828-0DCC376C13A9}.Release|x86.ActiveCfg = Release|Win32
		{3B71502E-23D6-4153-9828-0DCC376C13A9}.Release|x86.Build.0 = Release|Win32
		{8C40B8F9-B189-49CA-B405-19B031B3806E}.Debug|x64.ActiveCfg = Debug|x64
		{8C40B8F9-B189-49CA-B405-19B031B3806E}.Debug|x64.Build.0 = Debug|x64
		{8C40B8F9-B189-49CA-B405-19B031B3806E}.Debug|x86.ActiveCfg = Debug|Win32
		{8C40B8F9-B189-49CA-B405-19B031B3806E}.Debug|x86.Build.0 = Debug|Win32
		{8C40B8F9-B189-49CA-B405-19B031B3806E}.Release|x64.ActiveCfg = Release|x64
		{8C40B8F9-B189-49CA-B405-19B031B3806E}.Release|x64.Build.0 = Release|x64
		{8C40B8F9-B189-49CA-B405-19B031B3806E}.Release|x86.ActiveCfg = Release|Win32
		{8C40B8F9-B189-49CA-B405-19B031B3806E}.Release|x86.Build.0 = Release|Win32
		{5AC349EF-6FD2-4983-AD58-FA7AEE2B711B}.Debug|x64.ActiveCfg = Debug|x64
		{5AC349EF-6FD2-4983-AD58-FA7AEE2B711B}.Debug|x64.Build.0 = Debug|x64
		{5AC349EF-6FD2-4983-AD58-FA7AEE2B711B}.Debug|x86.ActiveCfg = Debug|Win32
		{5AC349EF-6FD2-4983-AD58-FA7AEE2B711B}.Debug|x86.Build.0 = Debug|Win32
		{5AC349EF-6FD2-4983-AD58-FA7AEE2B711B}.Release|x64.ActiveCfg = Release|x64
		{5AC349EF-6FD2-4983-AD58-FA7AEE2B711B}.Release|x64.Build.0 = Release|x64
		{5AC349EF-6FD2-4983-AD58-FA7AEE2B711B}.Release|x86.ActiveCfg = Release|Win32
		{5AC349EF-6FD2-4983-AD58-FA7AEE2B711B}.Release|x86.Build.0 = Release|Win32
		{063B75BA-FB82-4E79-B925-9C652366C533}.Debug|x64.ActiveCfg = Debug|x64
		{063B75BA-FB82-4E79-B925-9C652366C533}.Debug|x64.Build.0 = Debug|x64
		{063B75BA-FB82-4E79-B925-9C652366C533}.Debug|x86.ActiveCfg = Debug|Win32
		{063B75BA-FB82-4E79-B925-9C652366C533}.Debug|x86.Build.0 = Debug|Win32
		{063B75BA-FB82-4E79-B925-9C652366C533}.Release|x64.ActiveCfg = Release|x64
		{063B75BA-FB82-4E79-B925-9C652366C533}.Release|x64.Build.0 = Release|x64
		{063B75BA-FB82-4E79-B925-9C652366C533}.Release|x86.ActiveCfg = Release|Win32
		{063B75BA-FB82-4E79-B925-9C652366C533}.Release|x86.Build.0 = Release|Win32
		{B3ABE379-AD0C-4178-BC0B-300215929043}.Debug|x64.ActiveCfg = Debug|x64
		{B3ABE379-AD0C-4178-BC0B-300215929043}.Debug|x64.Build.0 = Debug|x64
		{B3ABE379-AD0C-4178-BC0B-300215929043}.Debug|x86.ActiveCfg = Debug|Win32
		{B3ABE379-AD0C-4178-BC0B-300215929043}.Debug|x86.Build.0 = Debug|Win32
		{B3ABE379-AD0C-4178-BC0B-300215929043}.Release|x64.ActiveCfg = Release|x64
		{B3ABE379-AD0C-4178-BC0B-300215929043}.Release|x64.Build.0 = Release|x64
		{B3ABE379-AD0C-4178-BC0B-300215929043}.Release|x86.ActiveCfg = Release|Win32
		{B3ABE379-AD0C-4178-BC0B-300215929043}.Release|x86.Build.0 = Release|Win32
		{3EAF3D5B-D9FE-466A-B17D-1DD12657F1E1}.Debug|x64.ActiveCfg = Debug|x64
		{3EAF3D5B-D9FE-466A-B17D-1DD12657F1E1}.Debug|x64.Build.0 = Debug|x64
		{3EAF3D5B-D9FE-466A-B17D-1DD12657F1E1}.Debug|x86.ActiveCfg = Debug|Win32
		{3EAF3D5B-D9FE-466A-B17D-1DD12657F1E1}.Debug|x86.Build.0 = Debug|Win32
		{3EAF3D5B-D9FE-466A-B17D-1DD12657F1E1}.Release|x64.ActiveCfg = Release|x64
		{3EAF3D5B-D9FE-466A-B17D-1DD12657F1E1}.Release|x64.Build.0 = Release|x64
		{3EAF3D5B-D9FE-466A-B17D-1DD12657F1E1}.Release|x86.ActiveCfg = Release|Win32
		{3EAF3D5B-D9FE-466A-B17D-1DD12657F1E1}.Release|x86.Build.0 = Release|Win32
		{37041FDF-4E4E-423B-8BE9-8D4AF582FA84}.Debug|x64.ActiveCfg = Debug|x86
		{37041FDF-4E4E-423B-8BE9-8D4AF582FA84}.Debug|x86.ActiveCfg = Debug|x86
		{37041FDF-4E4E-423B-8BE9-8D4AF582FA84}.Release|x64.ActiveCfg = Release|x86
		{37041FDF-4E4E-423B-8BE9-8D4AF582FA84}.Release|x86.ActiveCfg = Release|x86
		{73C9A8C0-BBB5-492F-91FB-A38A1539E1B6}.Debug|x64.ActiveCfg = Debug|x64
		{73C9A8C0-BBB5-492F-91FB-A38A1539E1B6}.Debug|x64.Build.0 = Debug|x64
		{73C9A8C0-BBB5-492F-91FB-A38A1539E1B6}.Debug|x86.ActiveCfg = Debug|Win32
		{73C9A8C0-BBB5-492F-91FB-A38A1539E1B6}.Debug|x86.Build.0 = Debug|Win32
		{73C9A8C0-BBB5-492F-91FB-A38A1539E1B6}.Release|x64.ActiveCfg = Release|x64
		{73C9A8C0-BBB5-492F-91FB-A38A1539E1B6}.Release|x64.Build.0 = Release|x64
		{73C9A8C0-BBB5-492F-91FB-A38A1539E1B6}.Release|x86.ActiveCfg = Release|Win32
		{73C9A8C0-BBB5-492F-91FB-A38A1539E1B6}.Release|x86.Build.0 = Release|Win32
		{2C782669-6F1B-4B99-8FBD-C0FEB75B4169}.Debug|x64.ActiveCfg = Debug|x64
		{2C782669-6F1B-4B99-8FBD-C0FEB75B4169}.Debug|x64.Build.0 = Debug|x64
		{2C782669-6F1B-4B99-8FBD-C0FEB75B4169}.Debug|x86.ActiveCfg = Debug|Win32
		{2C782669-6F1B-4B99-8FBD-C0FEB75B4169}.Debug|x86.Build.0 = Debug|Win32
		{2C782669-6F1B-4B99-8FBD-C0FEB75B4169}.Release|x64.ActiveCfg = Release|x64
		{2C782669-6F1B-4B99-8FBD-C0FEB75B4169}.Release|x64.Build.0 = Release|x64
		{2C782669-6F1B-4B99-8FBD-C0FEB75B4169}.Release|x86.ActiveCfg = Release|Win32
		{2C782669-6F1B-4B99-8FBD-C0FEB75B4169}.Release|x86.Build.0 = Release|Win32
	EndGlobalSection
	GlobalSection(SolutionProperties) = preSolution
		HideSolutionNode = FALSE
	EndGlobalSection
	GlobalSection(NestedProjects) = preSolution
		{6F17926F-C2FC-47EA-94DB-55ECE46D4AA9} = {C887239A-09CE-43D8-86DA-721ED26F4963}
		{17820C03-35C8-42A7-9A6C-6466C18936D5} = {C887239A-09CE-43D8-86DA-721ED26F4963}
		{84E1BEA5-B70D-4A7A-BF22-4E75D855BAB6} = {C768B0FE-63E3-4050-9F3D-2CDB844D5D65}
		{65E6ABFF-74BE-4B05-9BA9-629874F7B862} = {AD704F1C-E05F-4C9E-B062-2DA805120D84}
		{08A29AFA-0F5A-4481-B87E-225FA0A8AEC0} = {AD704F1C-E05F-4C9E-B062-2DA805120D84}
		{9456D25A-D813-4DA8-A821-57AFD4344D9E} = {AD704F1C-E05F-4C9E-B062-2DA805120D84}
		{6E431B21-F201-496E-98B0-C9DAA9C3634F} = {C887239A-09CE-43D8-86DA-721ED26F4963}
		{D8C9858E-F3EB-43CE-A42A-A28A48E0520B} = {E16DE38C-F913-4647-839D-85591E77C0B5}
		{3B71502E-23D6-4153-9828-0DCC376C13A9} = {E16DE38C-F913-4647-839D-85591E77C0B5}
		{8C40B8F9-B189-49CA-B405-19B031B3806E} = {E16DE38C-F913-4647-839D-85591E77C0B5}
		{5AC349EF-6FD2-4983-AD58-FA7AEE2B711B} = {47674878-2620-4ED1-82B3-EA8A38EE7393}
		{B2EED468-B223-4658-B0D9-E3A9CB5D0732} = {47674878-2620-4ED1-82B3-EA8A38EE7393}
		{063B75BA-FB82-4E79-B925-9C652366C533} = {47674878-2620-4ED1-82B3-EA8A38EE7393}
		{91288B8B-ED4C-4303-A937-DC7F7DA1425E} = {1C125B9D-4E14-4650-990E-39225529164D}
		{63F4013C-0A7E-43DC-A0A1-7CB4618FDC12} = {91288B8B-ED4C-4303-A937-DC7F7DA1425E}
		{01C30D4C-EEEC-4E67-AD7E-20005D2CD3A3} = {1C125B9D-4E14-4650-990E-39225529164D}
		{1D50989A-A342-4E56-BF0D-123D39A3D1F3} = {01C30D4C-EEEC-4E67-AD7E-20005D2CD3A3}
		{41AB945E-7FCD-4A6D-97E9-0FCE3DC70FA0} = {01C30D4C-EEEC-4E67-AD7E-20005D2CD3A3}
		{BB43F4E8-7775-4237-859E-1053E635E9CF} = {1C125B9D-4E14-4650-990E-39225529164D}
		{B3ABE379-AD0C-4178-BC0B-300215929043} = {BB43F4E8-7775-4237-859E-1053E635E9CF}
		{3EAF3D5B-D9FE-466A-B17D-1DD12657F1E1} = {BB43F4E8-7775-4237-859E-1053E635E9CF}
		{0EDAB88B-B94B-4610-9981-744F07E84D3E} = {ECA7F063-2908-42DD-8103-7FF09F831A15}
		{0EBA269E-C85D-4193-BEF8-1FCFAEA38CA8} = {E2CCF2AF-68B9-4CDD-A18F-F678F05B7C9C}
		{73C9A8C0-BBB5-492F-91FB-A38A1539E1B6} = {E2CCF2AF-68B9-4CDD-A18F-F678F05B7C9C}
		{2C782669-6F1B-4B99-8FBD-C0FEB75B4169} = {E2CCF2AF-68B9-4CDD-A18F-F678F05B7C9C}
	EndGlobalSection
	GlobalSection(ExtensibilityGlobals) = postSolution
		SolutionGuid = {F83E4DC3-BF69-4AD1-9984-6581AABB0BD1}
	EndGlobalSection
EndGlobal
