
Microsoft Visual Studio Solution File, Format Version 12.00
# Visual Studio 15
VisualStudioVersion = 15.0.27130.2036
MinimumVisualStudioVersion = 10.0.40219.1
Project("{8BC9CEB8-8B4A-11D0-8D11-00A0C91BC942}") = "PosInts", "PosInts\PosInts.vcxproj", "{866AC451-413C-4DD4-88C7-62FFB7AD1AF4}"
EndProject
Project("{8BC9CEB8-8B4A-11D0-8D11-00A0C91BC942}") = "QuickSort", "QuickSort\QuickSort.vcxproj", "{BB6BCFD3-3467-443A-A683-06AEC4086393}"
EndProject
Project("{8BC9CEB8-8B4A-11D0-8D11-00A0C91BC942}") = "BubbleSort", "BubbleSort\BubbleSort.vcxproj", "{09CAABF2-D05A-4BF4-8D99-8FEE37649940}"
EndProject
Project("{8BC9CEB8-8B4A-11D0-8D11-00A0C91BC942}") = "MergeSort", "MergeSort\MergeSort.vcxproj", "{07C675F9-4003-4B2D-94A8-74A685DADFD5}"
EndProject
Project("{2150E333-8FDC-42A3-9474-1A3956D46DE8}") = "Solution Items", "Solution Items", "{26FBF33E-8A13-4AA5-8DDC-78AAB0CB45BE}"
	ProjectSection(SolutionItems) = preProject
		LICENSE = LICENSE
		README.md = README.md
	EndProjectSection
EndProject
Project("{8BC9CEB8-8B4A-11D0-8D11-00A0C91BC942}") = "HashIndexVector", "HashIndexVector\HashIndexVector.vcxproj", "{7DC96990-872E-46C6-A046-B14B8CA9D268}"
EndProject
Global
	GlobalSection(SolutionConfigurationPlatforms) = preSolution
		Debug|x64 = Debug|x64
		Debug|x86 = Debug|x86
		Release|x64 = Release|x64
		Release|x86 = Release|x86
	EndGlobalSection
	GlobalSection(ProjectConfigurationPlatforms) = postSolution
		{866AC451-413C-4DD4-88C7-62FFB7AD1AF4}.Debug|x64.ActiveCfg = Debug|x64
		{866AC451-413C-4DD4-88C7-62FFB7AD1AF4}.Debug|x64.Build.0 = Debug|x64
		{866AC451-413C-4DD4-88C7-62FFB7AD1AF4}.Debug|x86.ActiveCfg = Debug|Win32
		{866AC451-413C-4DD4-88C7-62FFB7AD1AF4}.Debug|x86.Build.0 = Debug|Win32
		{866AC451-413C-4DD4-88C7-62FFB7AD1AF4}.Release|x64.ActiveCfg = Release|x64
		{866AC451-413C-4DD4-88C7-62FFB7AD1AF4}.Release|x64.Build.0 = Release|x64
		{866AC451-413C-4DD4-88C7-62FFB7AD1AF4}.Release|x86.ActiveCfg = Release|Win32
		{866AC451-413C-4DD4-88C7-62FFB7AD1AF4}.Release|x86.Build.0 = Release|Win32
		{BB6BCFD3-3467-443A-A683-06AEC4086393}.Debug|x64.ActiveCfg = Debug|x64
		{BB6BCFD3-3467-443A-A683-06AEC4086393}.Debug|x64.Build.0 = Debug|x64
		{BB6BCFD3-3467-443A-A683-06AEC4086393}.Debug|x86.ActiveCfg = Debug|Win32
		{BB6BCFD3-3467-443A-A683-06AEC4086393}.Debug|x86.Build.0 = Debug|Win32
		{BB6BCFD3-3467-443A-A683-06AEC4086393}.Release|x64.ActiveCfg = Release|x64
		{BB6BCFD3-3467-443A-A683-06AEC4086393}.Release|x64.Build.0 = Release|x64
		{BB6BCFD3-3467-443A-A683-06AEC4086393}.Release|x86.ActiveCfg = Release|Win32
		{BB6BCFD3-3467-443A-A683-06AEC4086393}.Release|x86.Build.0 = Release|Win32
		{09CAABF2-D05A-4BF4-8D99-8FEE37649940}.Debug|x64.ActiveCfg = Debug|x64
		{09CAABF2-D05A-4BF4-8D99-8FEE37649940}.Debug|x64.Build.0 = Debug|x64
		{09CAABF2-D05A-4BF4-8D99-8FEE37649940}.Debug|x86.ActiveCfg = Debug|Win32
		{09CAABF2-D05A-4BF4-8D99-8FEE37649940}.Debug|x86.Build.0 = Debug|Win32
		{09CAABF2-D05A-4BF4-8D99-8FEE37649940}.Release|x64.ActiveCfg = Release|x64
		{09CAABF2-D05A-4BF4-8D99-8FEE37649940}.Release|x64.Build.0 = Release|x64
		{09CAABF2-D05A-4BF4-8D99-8FEE37649940}.Release|x86.ActiveCfg = Release|Win32
		{09CAABF2-D05A-4BF4-8D99-8FEE37649940}.Release|x86.Build.0 = Release|Win32
		{07C675F9-4003-4B2D-94A8-74A685DADFD5}.Debug|x64.ActiveCfg = Debug|x64
		{07C675F9-4003-4B2D-94A8-74A685DADFD5}.Debug|x64.Build.0 = Debug|x64
		{07C675F9-4003-4B2D-94A8-74A685DADFD5}.Debug|x86.ActiveCfg = Debug|Win32
		{07C675F9-4003-4B2D-94A8-74A685DADFD5}.Debug|x86.Build.0 = Debug|Win32
		{07C675F9-4003-4B2D-94A8-74A685DADFD5}.Release|x64.ActiveCfg = Release|x64
		{07C675F9-4003-4B2D-94A8-74A685DADFD5}.Release|x64.Build.0 = Release|x64
		{07C675F9-4003-4B2D-94A8-74A685DADFD5}.Release|x86.ActiveCfg = Release|Win32
		{07C675F9-4003-4B2D-94A8-74A685DADFD5}.Release|x86.Build.0 = Release|Win32
		{7DC96990-872E-46C6-A046-B14B8CA9D268}.Debug|x64.ActiveCfg = Debug|x64
		{7DC96990-872E-46C6-A046-B14B8CA9D268}.Debug|x64.Build.0 = Debug|x64
		{7DC96990-872E-46C6-A046-B14B8CA9D268}.Debug|x86.ActiveCfg = Debug|Win32
		{7DC96990-872E-46C6-A046-B14B8CA9D268}.Debug|x86.Build.0 = Debug|Win32
		{7DC96990-872E-46C6-A046-B14B8CA9D268}.Release|x64.ActiveCfg = Release|x64
		{7DC96990-872E-46C6-A046-B14B8CA9D268}.Release|x64.Build.0 = Release|x64
		{7DC96990-872E-46C6-A046-B14B8CA9D268}.Release|x86.ActiveCfg = Release|Win32
		{7DC96990-872E-46C6-A046-B14B8CA9D268}.Release|x86.Build.0 = Release|Win32
	EndGlobalSection
	GlobalSection(SolutionProperties) = preSolution
		HideSolutionNode = FALSE
	EndGlobalSection
	GlobalSection(ExtensibilityGlobals) = postSolution
		SolutionGuid = {F83E4DC3-BF69-4AD1-9984-6581AABB0BD1}
	EndGlobalSection
EndGlobal
