
Microsoft Visual Studio Solution File, Format Version 12.00
# Visual Studio 15
VisualStudioVersion = 15.0.27130.2036
MinimumVisualStudioVersion = 10.0.40219.1
Project("{8BC9CEB8-8B4A-11D0-8D11-00A0C91BC942}") = "PosInts", "PosInts\PosInts.vcxproj", "{866AC451-413C-4DD4-88C7-62FFB7AD1AF4}"
EndProject
Project("{8BC9CEB8-8B4A-11D0-8D11-00A0C91BC942}") = "QuickSort", "QuickSort\QuickSort.vcxproj", "{BB6BCFD3-3467-443A-A683-06AEC4086393}"
EndProject
Project("{8BC9CEB8-8B4A-11D0-8D11-00A0C91BC942}") = "BubbleSort", "BubbleSort\BubbleSort.vcxproj", "{09CAABF2-D05A-4BF4-8D99-8FEE37649940}"
EndProject
Global
	GlobalSection(SolutionConfigurationPlatforms) = preSolution
		Debug|x64 = Debug|x64
		Debug|x86 = Debug|x86
		Release|x64 = Release|x64
		Release|x86 = Release|x86
	EndGlobalSection
	GlobalSection(ProjectConfigurationPlatforms) = postSolution
		{866AC451-413C-4DD4-88C7-62FFB7AD1AF4}.Debug|x64.ActiveCfg = Debug|x64
		{866AC451-413C-4DD4-88C7-62FFB7AD1AF4}.Debug|x64.Build.0 = Debug|x64
		{866AC451-413C-4DD4-88C7-62FFB7AD1AF4}.Debug|x86.ActiveCfg = Debug|Win32
		{866AC451-413C-4DD4-88C7-62FFB7AD1AF4}.Debug|x86.Build.0 = Debug|Win32
		{866AC451-413C-4DD4-88C7-62FFB7AD1AF4}.Release|x64.ActiveCfg = Release|x64
		{866AC451-413C-4DD4-88C7-62FFB7AD1AF4}.Release|x64.Build.0 = Release|x64
		{866AC451-413C-4DD4-88C7-62FFB7AD1AF4}.Release|x86.ActiveCfg = Release|Win32
		{866AC451-413C-4DD4-88C7-62FFB7AD1AF4}.Release|x86.Build.0 = Release|Win32
		{BB6BCFD3-3467-443A-A683-06AEC4086393}.Debug|x64.ActiveCfg = Debug|x64
		{BB6BCFD3-3467-443A-A683-06AEC4086393}.Debug|x64.Build.0 = Debug|x64
		{BB6BCFD3-3467-443A-A683-06AEC4086393}.Debug|x86.ActiveCfg = Debug|Win32
		{BB6BCFD3-3467-443A-A683-06AEC4086393}.Debug|x86.Build.0 = Debug|Win32
		{BB6BCFD3-3467-443A-A683-06AEC4086393}.Release|x64.ActiveCfg = Release|x64
		{BB6BCFD3-3467-443A-A683-06AEC4086393}.Release|x64.Build.0 = Release|x64
		{BB6BCFD3-3467-443A-A683-06AEC4086393}.Release|x86.ActiveCfg = Release|Win32
		{BB6BCFD3-3467-443A-A683-06AEC4086393}.Release|x86.Build.0 = Release|Win32
		{09CAABF2-D05A-4BF4-8D99-8FEE37649940}.Debug|x64.ActiveCfg = Debug|x64
		{09CAABF2-D05A-4BF4-8D99-8FEE37649940}.Debug|x64.Build.0 = Debug|x64
		{09CAABF2-D05A-4BF4-8D99-8FEE37649940}.Debug|x86.ActiveCfg = Debug|Win32
		{09CAABF2-D05A-4BF4-8D99-8FEE37649940}.Debug|x86.Build.0 = Debug|Win32
		{09CAABF2-D05A-4BF4-8D99-8FEE37649940}.Release|x64.ActiveCfg = Release|x64
		{09CAABF2-D05A-4BF4-8D99-8FEE37649940}.Release|x64.Build.0 = Release|x64
		{09CAABF2-D05A-4BF4-8D99-8FEE37649940}.Release|x86.ActiveCfg = Release|Win32
		{09CAABF2-D05A-4BF4-8D99-8FEE37649940}.Release|x86.Build.0 = Release|Win32
	EndGlobalSection
	GlobalSection(SolutionProperties) = preSolution
		HideSolutionNode = FALSE
	EndGlobalSection
	GlobalSection(ExtensibilityGlobals) = postSolution
		SolutionGuid = {F83E4DC3-BF69-4AD1-9984-6581AABB0BD1}
	EndGlobalSection
EndGlobal
